{
    "name": "dal",
    "version": "1.0.0",
    "lockfileVersion": 2,
    "requires": true,
    "packages": {
        "": {
            "name": "dal",
            "version": "1.0.0",
            "license": "MIT",
            "devDependencies": {
                "@types/node": "^18.0.0",
                "@types/pegjs": "^0.10.3",
                "pegjs": "^0.10.0"
            }
        },
        "node_modules/@types/node": {
            "version": "18.0.0",
            "resolved": "https://registry.npmjs.org/@types/node/-/node-18.0.0.tgz",
            "integrity": "sha512-cHlGmko4gWLVI27cGJntjs/Sj8th9aYwplmZFwmmgYQQvL5NUsgVJG7OddLvNfLqYS31KFN0s3qlaD9qCaxACA==",
            "dev": true
        },
        "node_modules/@types/pegjs": {
            "version": "0.10.3",
            "resolved": "https://registry.npmjs.org/@types/pegjs/-/pegjs-0.10.3.tgz",
            "integrity": "sha512-C/ZkUNe7HONOaDHXfNTZOUzrOvOgrWdrJj1JZ3QTEPi5gOIygcjCpXyxpdJTKVvWFzbobajRbMbQY8d0WrZ6fg==",
            "dev": true
        },
        "node_modules/pegjs": {
            "version": "0.10.0",
            "resolved": "https://registry.npmjs.org/pegjs/-/pegjs-0.10.0.tgz",
            "integrity": "sha512-qI5+oFNEGi3L5HAxDwN2LA4Gg7irF70Zs25edhjld9QemOgp0CbvMtbFcMvFtEo1OityPrcCzkQFB8JP/hxgow==",
            "dev": true,
            "bin": {
                "pegjs": "bin/pegjs"
            },
            "engines": {
                "node": ">=0.10"
            }
        }
    },
    "dependencies": {
        "@types/node": {
            "version": "18.0.0",
            "resolved": "https://registry.npmjs.org/@types/node/-/node-18.0.0.tgz",
            "integrity": "sha512-cHlGmko4gWLVI27cGJntjs/Sj8th9aYwplmZFwmmgYQQvL5NUsgVJG7OddLvNfLqYS31KFN0s3qlaD9qCaxACA==",
            "dev": true
        },
        "@types/pegjs": {
            "version": "0.10.3",
            "resolved": "https://registry.npmjs.org/@types/pegjs/-/pegjs-0.10.3.tgz",
            "integrity": "sha512-C/ZkUNe7HONOaDHXfNTZOUzrOvOgrWdrJj1JZ3QTEPi5gOIygcjCpXyxpdJTKVvWFzbobajRbMbQY8d0WrZ6fg==",
            "dev": true
        },
        "pegjs": {
            "version": "0.10.0",
            "resolved": "https://registry.npmjs.org/pegjs/-/pegjs-0.10.0.tgz",
            "integrity": "sha512-qI5+oFNEGi3L5HAxDwN2LA4Gg7irF70Zs25edhjld9QemOgp0CbvMtbFcMvFtEo1OityPrcCzkQFB8JP/hxgow==",
            "dev": true
        }
    }
}
